
Microsoft Visual Studio Solution File, Format Version 12.00
# Visual Studio Version 16
VisualStudioVersion = 16.0.29509.3
MinimumVisualStudioVersion = 10.0.40219.1
Project("{2150E333-8FDC-42A3-9474-1A3956D46DE8}") = "src", "src", "{F030F408-1B6A-4114-9912-30B78AA1AFF9}"
EndProject
Project("{FAE04EC0-301F-11D3-BF4B-00C04F79EFBC}") = "Grpc.Service", "src\Grpc.Service\Grpc.Service.csproj", "{2FE6ABDE-8E0A-4F93-9C61-B94AC7C0C7BE}"
EndProject
Project("{FAE04EC0-301F-11D3-BF4B-00C04F79EFBC}") = "Grpc.Client", "src\Grpc.Client\Grpc.Client.csproj", "{F29F47A0-FAC5-4EF1-9503-D57F2F735B73}"
EndProject
Global
	GlobalSection(SolutionConfigurationPlatforms) = preSolution
		Debug|Any CPU = Debug|Any CPU
		Release|Any CPU = Release|Any CPU
	EndGlobalSection
	GlobalSection(ProjectConfigurationPlatforms) = postSolution
		{2FE6ABDE-8E0A-4F93-9C61-B94AC7C0C7BE}.Debug|Any CPU.ActiveCfg = Debug|Any CPU
		{2FE6ABDE-8E0A-4F93-9C61-B94AC7C0C7BE}.Debug|Any CPU.Build.0 = Debug|Any CPU
		{2FE6ABDE-8E0A-4F93-9C61-B94AC7C0C7BE}.Release|Any CPU.ActiveCfg = Release|Any CPU
		{2FE6ABDE-8E0A-4F93-9C61-B94AC7C0C7BE}.Release|Any CPU.Build.0 = Release|Any CPU
		{F29F47A0-FAC5-4EF1-9503-D57F2F735B73}.Debug|Any CPU.ActiveCfg = Debug|Any CPU
		{F29F47A0-FAC5-4EF1-9503-D57F2F735B73}.Debug|Any CPU.Build.0 = Debug|Any CPU
		{F29F47A0-FAC5-4EF1-9503-D57F2F735B73}.Release|Any CPU.ActiveCfg = Release|Any CPU
		{F29F47A0-FAC5-4EF1-9503-D57F2F735B73}.Release|Any CPU.Build.0 = Release|Any CPU
	EndGlobalSection
	GlobalSection(SolutionProperties) = preSolution
		HideSolutionNode = FALSE
	EndGlobalSection
	GlobalSection(NestedProjects) = preSolution
		{2FE6ABDE-8E0A-4F93-9C61-B94AC7C0C7BE} = {F030F408-1B6A-4114-9912-30B78AA1AFF9}
		{F29F47A0-FAC5-4EF1-9503-D57F2F735B73} = {F030F408-1B6A-4114-9912-30B78AA1AFF9}
	EndGlobalSection
	GlobalSection(ExtensibilityGlobals) = postSolution
		SolutionGuid = {DDDC4E5D-12AE-412F-8949-B2038EC493E8}
	EndGlobalSection
EndGlobal
